<?xml version="1.0" encoding="utf-8"?>
<Project ToolsVersion="4.0" xmlns:atg="http://atg.xbox.com" xmlns="http://schemas.microsoft.com/developer/msbuild/2003">
  <ItemGroup>
    <Filter Include="Resource Files">
      <UniqueIdentifier>{8e114980-c1a3-4ada-ad7c-83caadf5daeb}</UniqueIdentifier>
      <Extensions>rc;ico;cur;bmp;dlg;rc2;rct;bin;rgs;gif;jpg;jpeg;jpe</Extensions>
    </Filter>
    <Filter Include="Shaders">
      <UniqueIdentifier>{2c3d4c8c-5d1a-459a-a05a-a4e4b608a44e}</UniqueIdentifier>
      <Extensions>fx;fxh;hlsl</Extensions>
    </Filter>
    <Filter Include="Resource Files\CrateTextures">
      <UniqueIdentifier>{5e13ef35-fe96-4d08-bb03-871dbd2b20ac}</UniqueIdentifier>
    </Filter>
    <Filter Include="Resource Files\OBJLoader">
      <UniqueIdentifier>{0036b720-0eac-4678-a69f-680b839ca25e}</UniqueIdentifier>
    </Filter>
    <Filter Include="Resource Files\HerculesObj">
      <UniqueIdentifier>{89e77e00-f0d0-483a-8ad8-2d983f57e70f}</UniqueIdentifier>
    </Filter>
    <Filter Include="Resource Files\TextureLoader">
      <UniqueIdentifier>{5ff33918-c1b1-471c-a034-3f87a20f3263}</UniqueIdentifier>
    </Filter>
    <Filter Include="_Headers">
      <UniqueIdentifier>{6419d953-d3ac-4919-b2c5-809e15ceea10}</UniqueIdentifier>
    </Filter>
    <Filter Include="_Source">
      <UniqueIdentifier>{6c554004-185b-4433-bab8-023807355316}</UniqueIdentifier>
    </Filter>
  </ItemGroup>
  <ItemGroup>
    <ClInclude Include="OBJLoader.h">
      <Filter>Resource Files\OBJLoader</Filter>
    </ClInclude>
    <ClInclude Include="Structures.h">
      <Filter>_Headers</Filter>
    </ClInclude>
    <ClInclude Include="DxDevice.h">
      <Filter>_Headers</Filter>
    </ClInclude>
    <ClInclude Include="Window.h">
      <Filter>_Headers</Filter>
    </ClInclude>
    <ClInclude Include="Application.h">
      <Filter>_Headers</Filter>
    </ClInclude>
    <ClInclude Include="TextureLoader.h">
      <Filter>Resource Files\TextureLoader</Filter>
    </ClInclude>
    <ClInclude Include="GraphicManager.h">
      <Filter>_Headers</Filter>
    </ClInclude>
    <ClInclude Include="ObjectManager.h">
      <Filter>_Headers</Filter>
    </ClInclude>
    <ClInclude Include="TextureManager.h">
      <Filter>_Headers</Filter>
    </ClInclude>
    <ClInclude Include="Camera.h">
      <Filter>_Headers</Filter>
    </ClInclude>
  </ItemGroup>
  <ItemGroup>
    <ClCompile Include="OBJLoader.cpp">
      <Filter>Resource Files\OBJLoader</Filter>
    </ClCompile>
    <ClCompile Include="TextureLoader.cpp">
      <Filter>Resource Files\TextureLoader</Filter>
    </ClCompile>
    <ClCompile Include="Application.cpp">
      <Filter>_Source</Filter>
    </ClCompile>
    <ClCompile Include="DX11 Framework.cpp">
      <Filter>_Source</Filter>
    </ClCompile>
    <ClCompile Include="DxDevice.cpp">
      <Filter>_Source</Filter>
    </ClCompile>
    <ClCompile Include="Window.cpp">
      <Filter>_Source</Filter>
    </ClCompile>
    <ClCompile Include="GraphicManager.cpp">
      <Filter>_Source</Filter>
    </ClCompile>
    <ClCompile Include="ObjectManager.cpp">
      <Filter>_Source</Filter>
    </ClCompile>
    <ClCompile Include="TextureManager.cpp">
      <Filter>_Source</Filter>
    </ClCompile>
    <ClCompile Include="Camera.cpp">
      <Filter>_Source</Filter>
    </ClCompile>
  </ItemGroup>
  <ItemGroup>
    <CLInclude Include="resource.h">
      <Filter>Resource Files</Filter>
    </CLInclude>
  </ItemGroup>
  <ItemGroup>
    <None Include="DX11 Framework.fx">
      <Filter>Shaders</Filter>
    </None>
    <None Include="TODO.md" />
  </ItemGroup>
  <ItemGroup>
    <ResourceCompile Include="DX11 Framework.rc">
      <Filter>Resource Files</Filter>
    </ResourceCompile>
  </ItemGroup>
  <ItemGroup>
    <Image Include="Crate_SPEC.dds">
      <Filter>Resource Files\CrateTextures</Filter>
    </Image>
    <Image Include="Crate_COLOR.dds">
      <Filter>Resource Files\CrateTextures</Filter>
    </Image>
    <Image Include="Crate_NRM.dds">
      <Filter>Resource Files\CrateTextures</Filter>
    </Image>
    <Image Include="Hercules_COLOR.dds">
      <Filter>Resource Files\HerculesObj</Filter>
    </Image>
  </ItemGroup>
</Project>